<?xml version="1.0" encoding="UTF-8" standalone="yes" ?>
<CodeBlocks_project_file>
	<FileVersion major="1" minor="6" />
	<Project>
		<Option title="Algorithms" />
		<Option pch_mode="2" />
		<Option compiler="gcc" />
		<Build>
			<Target title="Debug">
				<Option output="bin/Debug/Algorithms" prefix_auto="1" extension_auto="1" />
				<Option object_output="obj/Debug/" />
				<Option type="1" />
				<Option compiler="gcc" />
				<Compiler>
					<Add option="-g" />
				</Compiler>
			</Target>
			<Target title="Release">
				<Option output="bin/Release/Algorithms" prefix_auto="1" extension_auto="1" />
				<Option object_output="obj/Release/" />
				<Option type="1" />
				<Option compiler="gcc" />
				<Compiler>
					<Add option="-O2" />
				</Compiler>
				<Linker>
					<Add option="-s" />
				</Linker>
			</Target>
		</Build>
		<Compiler>
			<Add option="-Wall" />
			<Add option="-std=gnu++17" />
			<Add option="-fexceptions" />
		</Compiler>
		<Linker>
			<Add library="benchmark" />
			<Add library="pthread" />
			<Add library="GL" />
			<Add library="glut" />
			<Add library="X11" />
			<Add library="SDL2" />
			<Add library="GLEW" />
			<Add library="sfml-audio" />
			<Add library="sfml-network" />
			<Add library="sfml-graphics" />
			<Add library="sfml-window" />
			<Add library="sfml-system" />
		</Linker>
		<Unit filename="AIRender.hpp" />
		<Unit filename="Animation.hpp" />
		<Unit filename="Arithmetic.hpp" />
		<Unit filename="Assets.cpp" />
		<Unit filename="Assets.hpp" />
		<Unit filename="Async.hpp" />
		<Unit filename="BigUint.hpp" />
		<Unit filename="BinarySearch.hpp" />
		<Unit filename="BitFlag_BitStream.hpp" />
		<Unit filename="Bitmap.hpp" />
		<Unit filename="Blur.hpp" />
		<Unit filename="BookNotes" />
		<Unit filename="BooleanFunctions.hpp" />
		<Unit filename="CAD.hpp" />
		<Unit filename="CLI.hpp" />
		<Unit filename="CharacterSet.hpp" />
		<Unit filename="ChatNetwork.hpp" />
		<Unit filename="Checksum.hpp" />
		<Unit filename="Chess.hpp" />
		<Unit filename="CollectionTypes.hpp" />
		<Unit filename="ColorSpaces.hpp" />
		<Unit filename="Combinatorics.hpp" />
		<Unit filename="CommonComplications" />
		<Unit filename="CompilingTracking.hpp" />
		<Unit filename="ComputationalCurves_Shapes.hpp" />
		<Unit filename="CountProblems.hpp" />
		<Unit filename="DebugIntrospect.hpp" />
		<Unit filename="Debugger.hpp" />
		<Unit filename="Decomposition.hpp" />
		<Unit filename="DigitSeries.hpp" />
		<Unit filename="DistributedSelfStabilizingAlgorithms.hpp" />
		<Unit filename="Dts.hpp" />
		<Unit filename="ExtendedUint.hpp" />
		<Unit filename="FileFormats.hpp" />
		<Unit filename="FileIO.hpp" />
		<Unit filename="FileLoaderBMP.cpp" />
		<Unit filename="FileLoaderBMP.hpp" />
		<Unit filename="FileLoaderDDS.hpp" />
		<Unit filename="Files.hpp" />
		<Unit filename="Filesystem.hpp" />
		<Unit filename="Font.hpp" />
		<Unit filename="Formatting.hpp" />
		<Unit filename="Games.hpp" />
		<Unit filename="Graph.hpp" />
		<Unit filename="GraphAlgorithms.hpp" />
		<Unit filename="Graphics.hpp" />
		<Unit filename="HackerRank.hpp" />
		<Unit filename="HeteroType.hpp" />
		<Unit filename="IDE.hpp" />
		<Unit filename="InsertionSort.hpp" />
		<Unit filename="Interpolation.hpp" />
		<Unit filename="IoT.hpp" />
		<Unit filename="IteratorStateMachine.hpp" />
		<Unit filename="KinematicEngine.hpp" />
		<Unit filename="Language.hpp" />
		<Unit filename="Lattice.hpp" />
		<Unit filename="Library.hpp" />
		<Unit filename="Linearity.hpp" />
		<Unit filename="LinkedList.hpp" />
		<Unit filename="Linux.hpp" />
		<Unit filename="Locale.hpp" />
		<Unit filename="MatrixStaticFixed.hpp" />
		<Unit filename="Maze.hpp" />
		<Unit filename="MeasureUnits.hpp" />
		<Unit filename="MemoryAllocator.hpp" />
		<Unit filename="MinimizeRecompilation.hpp" />
		<Unit filename="MultiThreaded.hpp" />
		<Unit filename="NumberTheory.cpp" />
		<Unit filename="NumberTheory.hpp" />
		<Unit filename="OpenGL.hpp" />
		<Unit filename="OpenGL_v2.h" />
		<Unit filename="Parser.hpp" />
		<Unit filename="Pbinfo.hpp" />
		<Unit filename="Polynomial.hpp" />
		<Unit filename="PolynomialsHeterogeneous.hpp" />
		<Unit filename="PolynomialsHomogeneous.hpp" />
		<Unit filename="PrimalityTest.hpp" />
		<Unit filename="Prime.hpp" />
		<Unit filename="Problems.hpp" />
		<Unit filename="ProcessorArithmetic.hpp" />
		<Unit filename="ProgramRedundancyMinimization.hpp" />
		<Unit filename="RandomGenerator.hpp" />
		<Unit filename="RandomInputGenerator.hpp" />
		<Unit filename="RawArray.hpp" />
		<Unit filename="RingBuffer.hpp" />
		<Unit filename="SFML.hpp" />
		<Unit filename="Search.hpp" />
		<Unit filename="Sort.hpp" />
		<Unit filename="SortingBenchmark.hpp" />
		<Unit filename="StringProcessing.hpp" />
		<Unit filename="SystemMemoryProfiler.hpp" />
		<Unit filename="Terminal.hpp" />
		<Unit filename="Test.hpp" />
		<Unit filename="TestRingBuffer.hpp" />
		<Unit filename="ThreadPool.hpp" />
		<Unit filename="TreeDTS.hpp" />
		<Unit filename="TypeMacro.hpp" />
		<Unit filename="TypedArray.hpp" />
		<Unit filename="Utilitary.hpp" />
		<Unit filename="VAO_VBO.hpp" />
		<Unit filename="VascularNetworks.hpp" />
		<Unit filename="VersionControl.hpp" />
		<Unit filename="main.cpp" />
		<Unit filename="playground.v.glsl" />
		<Unit filename="playground2.v.glsl" />
		<Unit filename="shader source code comments" />
		<Unit filename="shader1.fs" />
		<Unit filename="shader1.vs" />
		<Unit filename="shader2.fs" />
		<Unit filename="shader2.vs" />
		<Unit filename="shader3.fs" />
		<Unit filename="shader3.vs" />
		<Unit filename="triangle.cpp" />
		<Unit filename="triangle.hpp" />
		<Extensions />
	</Project>
</CodeBlocks_project_file>
