<?xml version="1.0" encoding="UTF-8" standalone="yes" ?>
<CodeBlocks_project_file>
	<FileVersion major="1" minor="6" />
	<Project>
		<Option title="Algorithms" />
		<Option pch_mode="2" />
		<Option compiler="gcc" />
		<Build>
			<Target title="Debug">
				<Option output="bin/Debug/Algorithms" prefix_auto="1" extension_auto="1" />
				<Option object_output="obj/Debug/" />
				<Option type="1" />
				<Option compiler="gcc" />
				<Compiler>
					<Add option="-g" />
				</Compiler>
			</Target>
			<Target title="Release">
				<Option output="bin/Release/Algorithms" prefix_auto="1" extension_auto="1" />
				<Option object_output="obj/Release/" />
				<Option type="1" />
				<Option compiler="gcc" />
				<Compiler>
					<Add option="-O2" />
				</Compiler>
				<Linker>
					<Add option="-s" />
				</Linker>
			</Target>
		</Build>
		<Compiler>
			<Add option="-Wall" />
			<Add option="-std=gnu++17" />
		</Compiler>
		<Linker>
			<Add library="GL" />
			<Add library="glut" />
			<Add library="GLEW" />
			<Add library="X11" />
			<Add library="sfml-graphics" />
			<Add library="sfml-window" />
			<Add library="sfml-system" />
			<Add library="sfml-audio" />
			<Add library="sfml-network" />
			<Add library="SDL2" />
		</Linker>
		<Unit filename="AIRender.hpp" />
		<Unit filename="Animation.hpp" />
		<Unit filename="Arithmetic.hpp" />
		<Unit filename="Assets.cpp" />
		<Unit filename="Assets.hpp" />
		<Unit filename="Async.hpp" />
		<Unit filename="BigUint.hpp" />
		<Unit filename="BiggestHurdleInAI.hpp" />
		<Unit filename="BinarySearch.hpp" />
		<Unit filename="BitFlag_BitStream.hpp" />
		<Unit filename="Bitmap.hpp" />
		<Unit filename="Blur.hpp" />
		<Unit filename="BookNotes" />
		<Unit filename="BooleanFunctions.hpp" />
		<Unit filename="CAD.hpp" />
		<Unit filename="CLI.hpp" />
		<Unit filename="CharacterSet.hpp" />
		<Unit filename="ChatNetwork.hpp" />
		<Unit filename="Checksum.hpp" />
		<Unit filename="Chess.hpp" />
		<Unit filename="CodeOptimizer.hpp" />
		<Unit filename="CollectionTypes.hpp" />
		<Unit filename="ColorSpaces.hpp" />
		<Unit filename="Combinatorics.hpp" />
		<Unit filename="CommonComplications" />
		<Unit filename="CompilingTracking.hpp" />
		<Unit filename="ComputationalCurves_Shapes.hpp" />
		<Unit filename="CountProblems.hpp" />
		<Unit filename="DebugIntrospect.hpp" />
		<Unit filename="Debugger.hpp" />
		<Unit filename="Decomposition.hpp" />
		<Unit filename="DigitSeries.hpp" />
		<Unit filename="DistributedSelfStabilizingAlgorithms.hpp" />
		<Unit filename="Dts.hpp" />
		<Unit filename="Editor.hpp" />
		<Unit filename="EllipticCurves.hpp" />
		<Unit filename="Encodings.hpp" />
		<Unit filename="Enum.hpp" />
		<Unit filename="ExtendedUint.hpp" />
		<Unit filename="FileFormats.hpp" />
		<Unit filename="FileIO.hpp" />
		<Unit filename="FileLoaderBMP.cpp" />
		<Unit filename="FileLoaderBMP.hpp" />
		<Unit filename="FileLoaderDDS.hpp" />
		<Unit filename="Files.hpp" />
		<Unit filename="Filesystem.hpp" />
		<Unit filename="Font.hpp" />
		<Unit filename="Formatting.hpp" />
		<Unit filename="Games.hpp" />
		<Unit filename="Graph.hpp" />
		<Unit filename="GraphAlgorithms.hpp" />
		<Unit filename="Graphics.hpp" />
		<Unit filename="HackerRank.hpp" />
		<Unit filename="Hash.hpp" />
		<Unit filename="HeteroType.hpp" />
		<Unit filename="IDE.hpp" />
		<Unit filename="InsertionSort.hpp" />
		<Unit filename="Interpolation.hpp" />
		<Unit filename="IoT.hpp" />
		<Unit filename="IteratorStateMachine.hpp" />
		<Unit filename="KinematicEngine.hpp" />
		<Unit filename="LabWork.hpp" />
		<Unit filename="Language.hpp" />
		<Unit filename="LanguageCharacteristicsAndImplementations.hpp" />
		<Unit filename="Lattice.hpp" />
		<Unit filename="Library.hpp" />
		<Unit filename="Linearity.hpp" />
		<Unit filename="LinkedList.hpp" />
		<Unit filename="Linux.hpp" />
		<Unit filename="Locale.hpp" />
		<Unit filename="MatrixStaticFixed.hpp" />
		<Unit filename="Maze.hpp" />
		<Unit filename="MeasureUnits.hpp" />
		<Unit filename="MembraneComputing.hpp" />
		<Unit filename="MemoryAllocator.hpp" />
		<Unit filename="MemorySyntax.hpp" />
		<Unit filename="MinimizeRecompilation.hpp" />
		<Unit filename="MultiThreaded.hpp" />
		<Unit filename="NeuromorphicComputing.hpp" />
		<Unit filename="NumberTheory.cpp" />
		<Unit filename="NumberTheory.hpp" />
		<Unit filename="OpenGL.hpp" />
		<Unit filename="OpenGL_v2.h" />
		<Unit filename="OptimizationProblems.hpp" />
		<Unit filename="Parser.hpp" />
		<Unit filename="Pbinfo.hpp" />
		<Unit filename="Polynomial.hpp" />
		<Unit filename="PolynomialsHeterogeneous.hpp" />
		<Unit filename="PolynomialsHomogeneous.hpp" />
		<Unit filename="PrimalityTest.hpp" />
		<Unit filename="Prime.hpp" />
		<Unit filename="Problems.hpp" />
		<Unit filename="ProcessorArithmetic.hpp" />
		<Unit filename="ProgramRedundancyMinimization.hpp" />
		<Unit filename="RandomGenerator.hpp" />
		<Unit filename="RandomInputGenerator.hpp" />
		<Unit filename="RawArray.hpp" />
		<Unit filename="RingBuffer.cpp" />
		<Unit filename="RingBuffer.hpp" />
		<Unit filename="SFML.hpp" />
		<Unit filename="SFML_Utilitary.hpp" />
		<Unit filename="Search.hpp" />
		<Unit filename="Sort.hpp" />
		<Unit filename="SortingBenchmark.hpp" />
		<Unit filename="StringProcessing.hpp" />
		<Unit filename="SystemMemoryProfiler.hpp" />
		<Unit filename="Terminal.hpp" />
		<Unit filename="Test.hpp" />
		<Unit filename="TestRingBuffer.hpp" />
		<Unit filename="ThreadPool.hpp" />
		<Unit filename="TreeDTS.hpp" />
		<Unit filename="TypeMacro.hpp" />
		<Unit filename="TypedArray.hpp" />
		<Unit filename="Utilitary.hpp" />
		<Unit filename="VAO_VBO.hpp" />
		<Unit filename="VascularNetworks.hpp" />
		<Unit filename="VascularTrees.hpp" />
		<Unit filename="VersionControl.hpp" />
		<Unit filename="main.cpp" />
		<Unit filename="numbers" />
		<Unit filename="playground.v.glsl" />
		<Unit filename="playground2.v.glsl" />
		<Unit filename="shader source code comments" />
		<Unit filename="shader1.fs" />
		<Unit filename="shader1.vs" />
		<Unit filename="shader2.fs" />
		<Unit filename="shader2.vs" />
		<Unit filename="shader3.fs" />
		<Unit filename="shader3.vs" />
		<Unit filename="triangle.cpp" />
		<Unit filename="/home/nq/git/AlgorithmsAndDataStructures/recursion/allCombOfParenthesis.cpp
" />		<Unit filename="/home/nq/git/AlgorithmsAndDataStructures/recursion/subsetofset.cpp
" />		<Unit filename="/home/nq/git/AlgorithmsAndDataStructures/recursion/robot_navigation.cpp
" />		<Unit filename="/home/nq/git/AlgorithmsAndDataStructures/recursion/permutation.cpp
" />		<Unit filename="/home/nq/git/AlgorithmsAndDataStructures/.gitignore
" />		<Unit filename="/home/nq/git/AlgorithmsAndDataStructures/LICENSE.md
" />		<Unit filename="/home/nq/git/AlgorithmsAndDataStructures/pair_min_priority_queue.cpp
" />		<Unit filename="/home/nq/git/AlgorithmsAndDataStructures/oopd/card_class.cpp
" />		<Unit filename="/home/nq/git/AlgorithmsAndDataStructures/oopd/a.out
" />		<Unit filename="/home/nq/git/AlgorithmsAndDataStructures/oopd/call_center.cpp
" />		<Unit filename="/home/nq/git/AlgorithmsAndDataStructures/oopd/untitled
" />		<Unit filename="/home/nq/git/AlgorithmsAndDataStructures/DS/array/alternating_positive_negative.cpp
" />		<Unit filename="/home/nq/git/AlgorithmsAndDataStructures/DS/array/maximu_sum_path.cpp
" />		<Unit filename="/home/nq/git/AlgorithmsAndDataStructures/DS/doubly_linked_list.cpp
" />		<Unit filename="/home/nq/git/AlgorithmsAndDataStructures/DS/singly_linked_list.cpp
" />		<Unit filename="/home/nq/git/AlgorithmsAndDataStructures/DS/valid.cpp
" />		<Unit filename="/home/nq/git/AlgorithmsAndDataStructures/DS/BSTree.cpp
" />		<Unit filename="/home/nq/git/AlgorithmsAndDataStructures/linked_list/LRUCache.cpp
" />		<Unit filename="/home/nq/git/AlgorithmsAndDataStructures/linked_list/a.out
" />		<Unit filename="/home/nq/git/AlgorithmsAndDataStructures/linked_list/reversing_singly_linked_list.cpp
" />		<Unit filename="/home/nq/git/AlgorithmsAndDataStructures/linked_list/reversing_in_pairs_list.cpp
" />		<Unit filename="/home/nq/git/AlgorithmsAndDataStructures/linked_list/list_in_place_replacement.cpp
" />		<Unit filename="/home/nq/git/AlgorithmsAndDataStructures/bits/mask_the_bits.cpp
" />		<Unit filename="/home/nq/git/AlgorithmsAndDataStructures/Divide_and_Conquere/.gitignore
" />		<Unit filename="/home/nq/git/AlgorithmsAndDataStructures/Divide_and_Conquere/NUmber_of_Inversions/main.cpp
" />		<Unit filename="/home/nq/git/AlgorithmsAndDataStructures/Divide_and_Conquere/3-way_Quick_sort/main.cpp
" />		<Unit filename="/home/nq/git/AlgorithmsAndDataStructures/Divide_and_Conquere/divide_and_conquere/main.cpp
" />		<Unit filename="/home/nq/git/AlgorithmsAndDataStructures/Divide_and_Conquere/find_majority_element/main.cpp
" />		<Unit filename="/home/nq/git/AlgorithmsAndDataStructures/Divide_and_Conquere/binary_search/main.cpp
" />		<Unit filename="/home/nq/git/AlgorithmsAndDataStructures/Mathematical Computation/recurring_cycle_decimal fraction part./main.cpp
" />		<Unit filename="/home/nq/git/AlgorithmsAndDataStructures/Mathematical Computation/smallest_multiple_of_multiple_numbers/main.cpp
" />		<Unit filename="/home/nq/git/AlgorithmsAndDataStructures/Mathematical Computation/Next_Permutation/main.cpp
" />		<Unit filename="/home/nq/git/AlgorithmsAndDataStructures/Mathematical Computation/Mathematical Computation/main.cpp
" />		<Unit filename="/home/nq/git/AlgorithmsAndDataStructures/Mathematical Computation/largest_prime_factor/main.cpp
" />		<Unit filename="/home/nq/git/AlgorithmsAndDataStructures/Mathematical Computation/is_prime/main.cpp
" />		<Unit filename="/home/nq/git/AlgorithmsAndDataStructures/Mathematical Computation/check_relative_prime/main.cpp
" />		<Unit filename="/home/nq/git/AlgorithmsAndDataStructures/Mathematical Computation/LCM_and_GCD/main.cpp
" />		<Unit filename="/home/nq/git/AlgorithmsAndDataStructures/Mathematical Computation/multiple_3_and_5/main.cpp
" />		<Unit filename="/home/nq/git/AlgorithmsAndDataStructures/Mathematical Computation/find_all_factors/main.cpp
" />		<Unit filename="/home/nq/git/AlgorithmsAndDataStructures/Mathematical Computation/all_prime_factors/main.cpp
" />		<Unit filename="/home/nq/git/AlgorithmsAndDataStructures/Mathematical Computation/count_rectangles_in_grid/main.cpp
" />		<Unit filename="/home/nq/git/AlgorithmsAndDataStructures/.git/description
" />		<Unit filename="/home/nq/git/AlgorithmsAndDataStructures/.git/index
" />		<Unit filename="/home/nq/git/AlgorithmsAndDataStructures/.git/HEAD
" />		<Unit filename="/home/nq/git/AlgorithmsAndDataStructures/.git/info/exclude
" />		<Unit filename="/home/nq/git/AlgorithmsAndDataStructures/.git/hooks/fsmonitor-watchman.sample
" />		<Unit filename="/home/nq/git/AlgorithmsAndDataStructures/.git/hooks/pre-commit.sample
" />		<Unit filename="/home/nq/git/AlgorithmsAndDataStructures/.git/hooks/pre-rebase.sample
" />		<Unit filename="/home/nq/git/AlgorithmsAndDataStructures/.git/hooks/applypatch-msg.sample
" />		<Unit filename="/home/nq/git/AlgorithmsAndDataStructures/.git/hooks/pre-merge-commit.sample
" />		<Unit filename="/home/nq/git/AlgorithmsAndDataStructures/.git/hooks/pre-push.sample
" />		<Unit filename="/home/nq/git/AlgorithmsAndDataStructures/.git/hooks/commit-msg.sample
" />		<Unit filename="/home/nq/git/AlgorithmsAndDataStructures/.git/hooks/pre-applypatch.sample
" />		<Unit filename="/home/nq/git/AlgorithmsAndDataStructures/.git/hooks/prepare-commit-msg.sample
" />		<Unit filename="/home/nq/git/AlgorithmsAndDataStructures/.git/hooks/update.sample
" />		<Unit filename="/home/nq/git/AlgorithmsAndDataStructures/.git/hooks/pre-receive.sample
" />		<Unit filename="/home/nq/git/AlgorithmsAndDataStructures/.git/hooks/post-update.sample
" />		<Unit filename="/home/nq/git/AlgorithmsAndDataStructures/.git/objects/pack/pack-cff6a634a38567a56a4572e463ea74a8c26a9a1d.pack
" />		<Unit filename="/home/nq/git/AlgorithmsAndDataStructures/.git/objects/pack/pack-cff6a634a38567a56a4572e463ea74a8c26a9a1d.idx
" />		<Unit filename="/home/nq/git/AlgorithmsAndDataStructures/.git/config
" />		<Unit filename="/home/nq/git/AlgorithmsAndDataStructures/.git/logs/HEAD
" />		<Unit filename="/home/nq/git/AlgorithmsAndDataStructures/.git/logs/refs/remotes/origin/HEAD
" />		<Unit filename="/home/nq/git/AlgorithmsAndDataStructures/.git/logs/refs/heads/master
" />		<Unit filename="/home/nq/git/AlgorithmsAndDataStructures/.git/packed-refs
" />		<Unit filename="/home/nq/git/AlgorithmsAndDataStructures/.git/refs/remotes/origin/HEAD
" />		<Unit filename="/home/nq/git/AlgorithmsAndDataStructures/.git/refs/heads/master
" />		<Unit filename="/home/nq/git/AlgorithmsAndDataStructures/DataStructures/Phone_Book_Manager/main.cpp
" />		<Unit filename="/home/nq/git/AlgorithmsAndDataStructures/DataStructures/Parallel_Processing/main.cpp
" />		<Unit filename="/home/nq/git/AlgorithmsAndDataStructures/DataStructures/Robin_Karp_Finding_Pattern/main.cpp
" />		<Unit filename="/home/nq/git/AlgorithmsAndDataStructures/DataStructures/Network_Packet_Simulation/main.cpp
" />		<Unit filename="/home/nq/git/AlgorithmsAndDataStructures/DataStructures/Convert_Array_to_Min_Heap/main.cpp
" />		<Unit filename="/home/nq/git/AlgorithmsAndDataStructures/DataStructures/Merge_Tables/main.cpp
" />		<Unit filename="/home/nq/git/AlgorithmsAndDataStructures/DataStructures/DataStructures/main.cpp
" />		<Unit filename="/home/nq/git/AlgorithmsAndDataStructures/DataStructures/Valid_Parenthesis/main.cpp
" />		<Unit filename="/home/nq/git/AlgorithmsAndDataStructures/DataStructures/Hashing_With_Chains/main.cpp
" />		<Unit filename="/home/nq/git/AlgorithmsAndDataStructures/graph/bfs.cpp
" />		<Unit filename="/home/nq/git/AlgorithmsAndDataStructures/c++/pair_min_priority_queue.cpp
" />		<Unit filename="/home/nq/git/AlgorithmsAndDataStructures/c++/list_reverse_iterator.cpp
" />		<Unit filename="/home/nq/git/AlgorithmsAndDataStructures/c++/priority_queue.cpp
" />		<Unit filename="/home/nq/git/AlgorithmsAndDataStructures/c++/list.cpp
" />		<Unit filename="/home/nq/git/AlgorithmsAndDataStructures/c++/int_min_priority_queue.cpp
" />		<Unit filename="/home/nq/git/AlgorithmsAndDataStructures/c++/unordered_maps.cpp
" />		<Unit filename="/home/nq/git/AlgorithmsAndDataStructures/c++/vector_imp_resisize_pushback.cpp
" />		<Unit filename="/home/nq/git/AlgorithmsAndDataStructures/c++/vector.cpp
" />		<Unit filename="/home/nq/git/AlgorithmsAndDataStructures/c++/stack.cpp
" />		<Unit filename="/home/nq/git/AlgorithmsAndDataStructures/README.md
" />		<Unit filename="/home/nq/git/AlgorithmsAndDataStructures/dynamic_programming/.gitignore
" />		<Unit filename="/home/nq/git/AlgorithmsAndDataStructures/dynamic_programming/Knapsack_Without_Repetition/main.cpp
" />		<Unit filename="/home/nq/git/AlgorithmsAndDataStructures/dynamic_programming/Dynamic_Programming/main.cpp
" />		<Unit filename="/home/nq/git/AlgorithmsAndDataStructures/dynamic_programming/shortes_pallindrome.cpp
" />		<Unit filename="/home/nq/git/AlgorithmsAndDataStructures/dynamic_programming/Maximum_Value_Of_Arithmetic_Expression/main.cpp
" />		<Unit filename="/home/nq/git/AlgorithmsAndDataStructures/dynamic_programming/Minimum_number_of_operations/main.cpp
" />		<Unit filename="/home/nq/git/AlgorithmsAndDataStructures/dynamic_programming/longest_increasing_subsequence.cpp
" />		<Unit filename="/home/nq/git/AlgorithmsAndDataStructures/dynamic_programming/Knapsack_With_Repetition/main.cpp
" />		<Unit filename="/home/nq/git/AlgorithmsAndDataStructures/dynamic_programming/Longest_Common_Subsequence/main.cpp
" />		<Unit filename="/home/nq/git/AlgorithmsAndDataStructures/dynamic_programming/Edit_Distance_Between_Two_Strings/main.cpp
" />		<Unit filename="/home/nq/git/AlgorithmsAndDataStructures/dynamic_programming/longest-pallindrome_substring.cpp
" />		<Unit filename="/home/nq/git/AlgorithmsAndDataStructures/dynamic_programming/Longest_Common_Subsequence_3/main.cpp
" />		<Unit filename="/home/nq/git/AlgorithmsAndDataStructures/dynamic_programming/minimum_number_of_jumps.cpp
" />		<Unit filename="/home/nq/git/AlgorithmsAndDataStructures/dynamic_programming/tota_number_of_BSTs.cpp
" />		<Unit filename="/home/nq/git/AlgorithmsAndDataStructures/dynamic_programming/longest_pallindromic_subsequence.cpp
" />		<Unit filename="/home/nq/git/AlgorithmsAndDataStructures/Trees/Height_Binary_TREE_given_parent_array/main.cpp
" />		<Unit filename="/home/nq/git/AlgorithmsAndDataStructures/Trees/Convert_tree_to_its_Sum_Tree/main.cpp
" />		<Unit filename="/home/nq/git/AlgorithmsAndDataStructures/Trees/Boundary_Traversal_of_binary_tree/main.cpp
" />		<Unit filename="/home/nq/git/AlgorithmsAndDataStructures/Trees/Print_nodes_that_dont_have_sibling/main.cpp
" />		<Unit filename="/home/nq/git/AlgorithmsAndDataStructures/Trees/Tree_Isomorphosm_Problem/main.cpp
" />		<Unit filename="/home/nq/git/AlgorithmsAndDataStructures/Trees/Distance_between_two_given_nodes/main.cpp
" />		<Unit filename="/home/nq/git/AlgorithmsAndDataStructures/Trees/print_nodes_at_k_distance/main.cpp
" />		<Unit filename="/home/nq/git/AlgorithmsAndDataStructures/Trees/construct_infix_from_postfix/main.cpp
" />		<Unit filename="/home/nq/git/AlgorithmsAndDataStructures/Trees/construct_minimal_height_tree.cpp
" />		<Unit filename="/home/nq/git/AlgorithmsAndDataStructures/Trees/check_if_tree_completeBT_or_not/main.cpp
" />		<Unit filename="/home/nq/git/AlgorithmsAndDataStructures/Trees/BST_insert_delete_search/main.cpp
" />		<Unit filename="/home/nq/git/AlgorithmsAndDataStructures/Trees/print_cousin_nodes/main.cpp
" />		<Unit filename="/home/nq/git/AlgorithmsAndDataStructures/Trees/check_edgeRemoval_divides_into_2Equal_BT/main.cpp
" />		<Unit filename="/home/nq/git/AlgorithmsAndDataStructures/Trees/check_BT_mirror_of_itself/main.cpp
" />		<Unit filename="/home/nq/git/AlgorithmsAndDataStructures/Trees/Convert_BTree_to_hold_Children_Sum_Property./main.cpp
" />		<Unit filename="/home/nq/git/AlgorithmsAndDataStructures/Trees/check_if_tree_full/main.cpp
" />		<Unit filename="/home/nq/git/AlgorithmsAndDataStructures/Trees/Max_Path_SUM_IN_BT/main.cpp
" />		<Unit filename="/home/nq/git/AlgorithmsAndDataStructures/Trees/AVL_tree_insertion.cpp
" />		<Unit filename="/home/nq/git/AlgorithmsAndDataStructures/Trees/lowest_common_ancesstor_BT/main.cpp
" />		<Unit filename="/home/nq/git/AlgorithmsAndDataStructures/Trees/inorder_iterative.cpp
" />		<Unit filename="/home/nq/git/AlgorithmsAndDataStructures/Trees/BinarySearchTree/main.cpp
" />		<Unit filename="/home/nq/git/AlgorithmsAndDataStructures/Trees/check_mirror_trees/main.cpp
" />		<Unit filename="/home/nq/git/AlgorithmsAndDataStructures/Trees/Iterative_Inorder_traversal/main.cpp
" />		<Unit filename="/home/nq/git/AlgorithmsAndDataStructures/Trees/check_tree_balance.cpp
" />		<Unit filename="/home/nq/git/AlgorithmsAndDataStructures/Trees/find_maximum_sum_root_to_laef_path/main.cpp
" />		<Unit filename="/home/nq/git/AlgorithmsAndDataStructures/Trees/sum_of_all_left_leaves/main.cpp
" />		<Unit filename="/home/nq/git/AlgorithmsAndDataStructures/Trees/construct_BT_from_parent_array_representation/main.cpp
" />		<Unit filename="/home/nq/git/AlgorithmsAndDataStructures/Trees/Sum_of_all_root_to_leaf_paths/main.cpp
" />		<Unit filename="/home/nq/git/AlgorithmsAndDataStructures/Trees/Trees.xcodeproj/xcuserdata/Nitesh.xcuserdatad/xcdebugger/Breakpoints_v2.xcbkptlist
" />		<Unit filename="/home/nq/git/AlgorithmsAndDataStructures/Trees/Trees.xcodeproj/xcuserdata/Nitesh.xcuserdatad/xcschemes/construct_BT_from_Pre_Indorder.xcscheme
" />		<Unit filename="/home/nq/git/AlgorithmsAndDataStructures/Trees/Trees.xcodeproj/xcuserdata/Nitesh.xcuserdatad/xcschemes/mirror_image_BST.xcscheme
" />		<Unit filename="/home/nq/git/AlgorithmsAndDataStructures/Trees/Trees.xcodeproj/xcuserdata/Nitesh.xcuserdatad/xcschemes/Adv_Closest_leaf_to_a_given_node.xcscheme
" />		<Unit filename="/home/nq/git/AlgorithmsAndDataStructures/Trees/Trees.xcodeproj/xcuserdata/Nitesh.xcuserdatad/xcschemes/check_edgeRemoval_divides_into_2Equal_BT.xcscheme
" />		<Unit filename="/home/nq/git/AlgorithmsAndDataStructures/Trees/Trees.xcodeproj/xcuserdata/Nitesh.xcuserdatad/xcschemes/print_btree_in_2-D.xcscheme
" />		<Unit filename="/home/nq/git/AlgorithmsAndDataStructures/Trees/Trees.xcodeproj/xcuserdata/Nitesh.xcuserdatad/xcschemes/Trees.xcscheme
" />		<Unit filename="/home/nq/git/AlgorithmsAndDataStructures/Trees/Trees.xcodeproj/xcuserdata/Nitesh.xcuserdatad/xcschemes/Iterative_Inorder_traversal.xcscheme
" />		<Unit filename="/home/nq/git/AlgorithmsAndDataStructures/Trees/Trees.xcodeproj/xcuserdata/Nitesh.xcuserdatad/xcschemes/delete_single_nodes.xcscheme
" />		<Unit filename="/home/nq/git/AlgorithmsAndDataStructures/Trees/Trees.xcodeproj/xcuserdata/Nitesh.xcuserdatad/xcschemes/BinarySearchTree.xcscheme
" />		<Unit filename="/home/nq/git/AlgorithmsAndDataStructures/Trees/Trees.xcodeproj/xcuserdata/Nitesh.xcuserdatad/xcschemes/common_nodes_in_2BST.xcscheme
" />		<Unit filename="/home/nq/git/AlgorithmsAndDataStructures/Trees/Trees.xcodeproj/xcuserdata/Nitesh.xcuserdatad/xcschemes/print-diagonal_traversal.xcscheme
" />		<Unit filename="/home/nq/git/AlgorithmsAndDataStructures/Trees/Trees.xcodeproj/xcuserdata/Nitesh.xcuserdatad/xcschemes/xcschememanagement.plist
" />		<Unit filename="/home/nq/git/AlgorithmsAndDataStructures/Trees/Trees.xcodeproj/xcuserdata/Nitesh.xcuserdatad/xcschemes/timepass.xcscheme
" />		<Unit filename="/home/nq/git/AlgorithmsAndDataStructures/Trees/Trees.xcodeproj/xcuserdata/Nitesh.xcuserdatad/xcschemes/lowest_common_ancesstor_BT.xcscheme
" />		<Unit filename="/home/nq/git/AlgorithmsAndDataStructures/Trees/Trees.xcodeproj/xcuserdata/Nitesh.xcuserdatad/xcschemes/max_diff_between_nodes_ancesstors.xcscheme
" />		<Unit filename="/home/nq/git/AlgorithmsAndDataStructures/Trees/Trees.xcodeproj/xcuserdata/Nitesh.xcuserdatad/xcschemes/vertical_sum.xcscheme
" />		<Unit filename="/home/nq/git/AlgorithmsAndDataStructures/Trees/Trees.xcodeproj/xcuserdata/Nitesh.xcuserdatad/xcschemes/check_mirror_trees.xcscheme
" />		<Unit filename="/home/nq/git/AlgorithmsAndDataStructures/Trees/Trees.xcodeproj/xcuserdata/Nitesh.xcuserdatad/xcschemes/construct_BT_from_Post_Inorder.xcscheme
" />		<Unit filename="/home/nq/git/AlgorithmsAndDataStructures/Trees/Trees.xcodeproj/xcuserdata/Nitesh.xcuserdatad/xcschemes/Iterative_Postorder_traversal.xcscheme
" />		<Unit filename="/home/nq/git/AlgorithmsAndDataStructures/Trees/Trees.xcodeproj/xcuserdata/Nitesh.xcuserdatad/xcschemes/BST_insert_delete_search.xcscheme
" />		<Unit filename="/home/nq/git/AlgorithmsAndDataStructures/Trees/Trees.xcodeproj/xcuserdata/Nitesh.xcuserdatad/xcschemes/Iterative_preorder_traversal.xcscheme
" />		<Unit filename="/home/nq/git/AlgorithmsAndDataStructures/Trees/Trees.xcodeproj/xcuserdata/Nitesh.xcuserdatad/xcschemes/print_root_2_Leaf_paths.xcscheme
" />		<Unit filename="/home/nq/git/AlgorithmsAndDataStructures/Trees/Trees.xcodeproj/project.xcworkspace/contents.xcworkspacedata
" />		<Unit filename="/home/nq/git/AlgorithmsAndDataStructures/Trees/Trees.xcodeproj/project.xcworkspace/xcuserdata/Nitesh.xcuserdatad/UserInterfaceState.xcuserstate
" />		<Unit filename="/home/nq/git/AlgorithmsAndDataStructures/Trees/Trees.xcodeproj/project.pbxproj
" />		<Unit filename="/home/nq/git/AlgorithmsAndDataStructures/Trees/print_btree_in_2-D/main.cpp
" />		<Unit filename="/home/nq/git/AlgorithmsAndDataStructures/Trees/vertical_sum/main.cpp
" />		<Unit filename="/home/nq/git/AlgorithmsAndDataStructures/Trees/largest_identical_left&right_subtrees/main.cpp
" />		<Unit filename="/home/nq/git/AlgorithmsAndDataStructures/Trees/construct_BT_from_Post_Inorder/main.cpp
" />		<Unit filename="/home/nq/git/AlgorithmsAndDataStructures/Trees/find_largest_BST_in_Tree.cpp
" />		<Unit filename="/home/nq/git/AlgorithmsAndDataStructures/Trees/check_if_tree_is_balanced/main.cpp
" />		<Unit filename="/home/nq/git/AlgorithmsAndDataStructures/Trees/find_min_depth_of_BT/main.cpp
" />		<Unit filename="/home/nq/git/AlgorithmsAndDataStructures/Trees/post_order_iterative.cpp
" />		<Unit filename="/home/nq/git/AlgorithmsAndDataStructures/Trees/delete_single_nodes/main.cpp
" />		<Unit filename="/home/nq/git/AlgorithmsAndDataStructures/Trees/BST_to_levelWise_lists.cpp
" />		<Unit filename="/home/nq/git/AlgorithmsAndDataStructures/Trees/Check_BT_is_Subtree_of_another_BT/main.cpp
" />		<Unit filename="/home/nq/git/AlgorithmsAndDataStructures/Trees/max_diff_between_nodes_ancesstors/main.cpp
" />		<Unit filename="/home/nq/git/AlgorithmsAndDataStructures/Trees/check_if_all_leaves_at_same_level/main.cpp
" />		<Unit filename="/home/nq/git/AlgorithmsAndDataStructures/Trees/Trees/main.cpp
" />		<Unit filename="/home/nq/git/AlgorithmsAndDataStructures/Trees/Trees/BinarySearchTree.h
" />		<Unit filename="/home/nq/git/AlgorithmsAndDataStructures/Trees/Serialize_Deserializ_Binary_Tree/main.cpp
" />		<Unit filename="/home/nq/git/AlgorithmsAndDataStructures/Trees/Construct_Tree_from_inorder_rootGreaterThanLR/main.cpp
" />		<Unit filename="/home/nq/git/AlgorithmsAndDataStructures/Trees/find_common_ancesstor.cpp
" />		<Unit filename="/home/nq/git/AlgorithmsAndDataStructures/Trees/Remove_nodes_on_path_sumLessThanK/main.cpp
" />		<Unit filename="/home/nq/git/AlgorithmsAndDataStructures/Trees/construct_BT_from_Pre_Indorder/main.cpp
" />		<Unit filename="/home/nq/git/AlgorithmsAndDataStructures/Trees/max_path_sum_leaf_to_leaf/main.cpp
" />		<Unit filename="/home/nq/git/AlgorithmsAndDataStructures/Trees/Convert_all_leaves_to_DLL_inplace/main.cpp
" />		<Unit filename="/home/nq/git/AlgorithmsAndDataStructures/Trees/Iterative_preorder_traversal/main.cpp
" />		<Unit filename="/home/nq/git/AlgorithmsAndDataStructures/Trees/print-diagonal_traversal/main.cpp
" />		<Unit filename="/home/nq/git/AlgorithmsAndDataStructures/Trees/mirror_image_BST/main.cpp
" />		<Unit filename="/home/nq/git/AlgorithmsAndDataStructures/Trees/Iterative_Postorder_traversal/main.cpp
" />		<Unit filename="/home/nq/git/AlgorithmsAndDataStructures/Trees/Construct_Tree_from_preorder_and_NL_array/main.cpp
" />		<Unit filename="/home/nq/git/AlgorithmsAndDataStructures/Trees/Connect_nodes_at_same level/main.cpp
" />		<Unit filename="/home/nq/git/AlgorithmsAndDataStructures/Trees/single_valued_subtrees/main.cpp
" />		<Unit filename="/home/nq/git/AlgorithmsAndDataStructures/Trees/print_root_2_Leaf_paths/main.cpp
" />		<Unit filename="/home/nq/git/AlgorithmsAndDataStructures/Trees/Remove_nodes_on_path_lengthLessThan_K/main.cpp
" />		<Unit filename="/home/nq/git/AlgorithmsAndDataStructures/Trees/delete_nodes_sum_less_than_k.cpp
" />		<Unit filename="/home/nq/git/AlgorithmsAndDataStructures/Trees/Populate_Inorder_Successor_for_all_nodes/main.cpp
" />		<Unit filename="/home/nq/git/AlgorithmsAndDataStructures/Trees/common_nodes_in_2BST/main.cpp
" />		<Unit filename="/home/nq/git/AlgorithmsAndDataStructures/Trees/Adv_Closest_leaf_to_a_given_node/main.cpp
" />		<Unit filename="/home/nq/git/AlgorithmsAndDataStructures/Trees/pre_order_iterative.cpp
" />		<Unit filename="/home/nq/git/AlgorithmsAndDataStructures/Trees/Double_Tree/main.cpp
" />		<Unit filename="/home/nq/git/AlgorithmsAndDataStructures/Trees/Diameter_of_the_tree/main.cpp
" />		<Unit filename="/home/nq/git/AlgorithmsAndDataStructures/sorting/quick_sort.cpp
" />		<Unit filename="/home/nq/git/AlgorithmsAndDataStructures/sorting/a.out
" />		<Unit filename="/home/nq/git/AlgorithmsAndDataStructures/sorting/heap_sort.cpp
" />		<Unit filename="/home/nq/git/AlgorithmsAndDataStructures/sorting/merge_sort.cpp
" />		<Unit filename="/home/nq/git/AlgorithmsAndDataStructures/strings/remove_a_bc_string.cpp
" />		<Unit filename="/home/nq/git/AlgorithmsAndDataStructures/strings/a.out
" />		<Unit filename="/home/nq/git/AlgorithmsAndDataStructures/strings/string1-3.cpp
" />		<Unit filename="/home/nq/git/AlgorithmsAndDataStructures/strings/string1-5.cpp
" />		<Unit filename="/home/nq/git/AlgorithmsAndDataStructures/strings/string1-1.cpp
" />		<Unit filename="/home/nq/git/AlgorithmsAndDataStructures/strings/alien_lang_find_char_order.cpp
" />		<Unit filename="/home/nq/git/AlgorithmsAndDataStructures/strings/string1-2.cpp
		<Unit filename="/home/nq/git/AlgorithmsAndDataStructures/strings/string1-4.cpp" />
" />" />" />" />		<Extensions />
	</Project>
</CodeBlocks_project_file>
